
Microsoft Visual Studio Solution File, Format Version 12.00
# Visual Studio Version 17
VisualStudioVersion = 17.13.35931.197 d17.13
MinimumVisualStudioVersion = 10.0.40219.1
Project("{8BC9CEB8-8B4A-11D0-8D11-00A0C91BC942}") = "NamedEventListenerKM", "NamedEventListenerKM\NamedEventListenerKM.vcxproj", "{34D3399A-A796-DA60-FA20-DF217A9D8B72}"
EndProject
Project("{8BC9CEB8-8B4A-11D0-8D11-00A0C91BC942}") = "NamedEventListenerUM", "NamedEventListenerUM\NamedEventListenerUM.vcxproj", "{85FB86E4-7382-43F1-9376-AA37509BA01E}"
EndProject
Global
	GlobalSection(SolutionConfigurationPlatforms) = preSolution
		Debug|ARM64 = Debug|ARM64
		Debug|x64 = Debug|x64
		Release|ARM64 = Release|ARM64
		Release|x64 = Release|x64
	EndGlobalSection
	GlobalSection(ProjectConfigurationPlatforms) = postSolution
		{34D3399A-A796-DA60-FA20-DF217A9D8B72}.Debug|ARM64.ActiveCfg = Debug|ARM64
		{34D3399A-A796-DA60-FA20-DF217A9D8B72}.Debug|ARM64.Build.0 = Debug|ARM64
		{34D3399A-A796-DA60-FA20-DF217A9D8B72}.Debug|ARM64.Deploy.0 = Debug|ARM64
		{34D3399A-A796-DA60-FA20-DF217A9D8B72}.Debug|x64.ActiveCfg = Debug|x64
		{34D3399A-A796-DA60-FA20-DF217A9D8B72}.Debug|x64.Build.0 = Debug|x64
		{34D3399A-A796-DA60-FA20-DF217A9D8B72}.Debug|x64.Deploy.0 = Debug|x64
		{34D3399A-A796-DA60-FA20-DF217A9D8B72}.Release|ARM64.ActiveCfg = Release|ARM64
		{34D3399A-A796-DA60-FA20-DF217A9D8B72}.Release|ARM64.Build.0 = Release|ARM64
		{34D3399A-A796-DA60-FA20-DF217A9D8B72}.Release|ARM64.Deploy.0 = Release|ARM64
		{34D3399A-A796-DA60-FA20-DF217A9D8B72}.Release|x64.ActiveCfg = Release|x64
		{34D3399A-A796-DA60-FA20-DF217A9D8B72}.Release|x64.Build.0 = Release|x64
		{34D3399A-A796-DA60-FA20-DF217A9D8B72}.Release|x64.Deploy.0 = Release|x64
		{85FB86E4-7382-43F1-9376-AA37509BA01E}.Debug|ARM64.ActiveCfg = Debug|x64
		{85FB86E4-7382-43F1-9376-AA37509BA01E}.Debug|ARM64.Build.0 = Debug|x64
		{85FB86E4-7382-43F1-9376-AA37509BA01E}.Debug|x64.ActiveCfg = Debug|x64
		{85FB86E4-7382-43F1-9376-AA37509BA01E}.Debug|x64.Build.0 = Debug|x64
		{85FB86E4-7382-43F1-9376-AA37509BA01E}.Release|ARM64.ActiveCfg = Release|x64
		{85FB86E4-7382-43F1-9376-AA37509BA01E}.Release|ARM64.Build.0 = Release|x64
		{85FB86E4-7382-43F1-9376-AA37509BA01E}.Release|x64.ActiveCfg = Release|x64
		{85FB86E4-7382-43F1-9376-AA37509BA01E}.Release|x64.Build.0 = Release|x64
	EndGlobalSection
	GlobalSection(SolutionProperties) = preSolution
		HideSolutionNode = FALSE
	EndGlobalSection
	GlobalSection(ExtensibilityGlobals) = postSolution
		SolutionGuid = {DA6D8CD2-AA63-44B9-965B-A2DA25BC27F6}
	EndGlobalSection
EndGlobal
